
Microsoft Visual Studio Solution File, Format Version 12.00
# Visual Studio Version 16
VisualStudioVersion = 16.0.29503.13
MinimumVisualStudioVersion = 10.0.40219.1
Project("{FAE04EC0-301F-11D3-BF4B-00C04F79EFBC}") = "Stories", "Stories\Stories.csproj", "{0DFD1176-C1C2-4B0F-A935-968594222CED}"
EndProject
Global
	GlobalSection(SolutionConfigurationPlatforms) = preSolution
		Debug|Any CPU = Debug|Any CPU
		Release|Any CPU = Release|Any CPU
	EndGlobalSection
	GlobalSection(ProjectConfigurationPlatforms) = postSolution
		{0DFD1176-C1C2-4B0F-A935-968594222CED}.Debug|Any CPU.ActiveCfg = Debug|Any CPU
		{0DFD1176-C1C2-4B0F-A935-968594222CED}.Debug|Any CPU.Build.0 = Debug|Any CPU
		{0DFD1176-C1C2-4B0F-A935-968594222CED}.Release|Any CPU.ActiveCfg = Release|Any CPU
		{0DFD1176-C1C2-4B0F-A935-968594222CED}.Release|Any CPU.Build.0 = Release|Any CPU
	EndGlobalSection
	GlobalSection(SolutionProperties) = preSolution
		HideSolutionNode = FALSE
	EndGlobalSection
	GlobalSection(ExtensibilityGlobals) = postSolution
		SolutionGuid = {A4259E6F-18A5-4561-9237-F38FDE2A0A79}
	EndGlobalSection
EndGlobal
